
Microsoft Visual Studio Solution File, Format Version 12.00
# Visual Studio 15
VisualStudioVersion = 15.0.28307.645
MinimumVisualStudioVersion = 10.0.40219.1
Project("{FAE04EC0-301F-11D3-BF4B-00C04F79EFBC}") = "log", "log\log.csproj", "{8F3F4213-C853-4D91-96AB-702B50F84FF9}"
EndProject
Project("{FAE04EC0-301F-11D3-BF4B-00C04F79EFBC}") = "VerifyLogging", "VerifyLogging\VerifyLogging.csproj", "{99BE658E-8662-4FF2-B222-1B66D2D85F2E}"
EndProject
Project("{FAE04EC0-301F-11D3-BF4B-00C04F79EFBC}") = "VerifyLogWebCore", "VerifyLogWebCore\VerifyLogWebCore.csproj", "{1BA75C59-2C05-4D65-A5E2-185FA468B894}"
EndProject
Global
	GlobalSection(SolutionConfigurationPlatforms) = preSolution
		Debug|Any CPU = Debug|Any CPU
		Release|Any CPU = Release|Any CPU
	EndGlobalSection
	GlobalSection(ProjectConfigurationPlatforms) = postSolution
		{8F3F4213-C853-4D91-96AB-702B50F84FF9}.Debug|Any CPU.ActiveCfg = Debug|Any CPU
		{8F3F4213-C853-4D91-96AB-702B50F84FF9}.Debug|Any CPU.Build.0 = Debug|Any CPU
		{8F3F4213-C853-4D91-96AB-702B50F84FF9}.Release|Any CPU.ActiveCfg = Release|Any CPU
		{8F3F4213-C853-4D91-96AB-702B50F84FF9}.Release|Any CPU.Build.0 = Release|Any CPU
		{99BE658E-8662-4FF2-B222-1B66D2D85F2E}.Debug|Any CPU.ActiveCfg = Debug|Any CPU
		{99BE658E-8662-4FF2-B222-1B66D2D85F2E}.Debug|Any CPU.Build.0 = Debug|Any CPU
		{99BE658E-8662-4FF2-B222-1B66D2D85F2E}.Release|Any CPU.ActiveCfg = Release|Any CPU
		{99BE658E-8662-4FF2-B222-1B66D2D85F2E}.Release|Any CPU.Build.0 = Release|Any CPU
		{1BA75C59-2C05-4D65-A5E2-185FA468B894}.Debug|Any CPU.ActiveCfg = Debug|Any CPU
		{1BA75C59-2C05-4D65-A5E2-185FA468B894}.Debug|Any CPU.Build.0 = Debug|Any CPU
		{1BA75C59-2C05-4D65-A5E2-185FA468B894}.Release|Any CPU.ActiveCfg = Release|Any CPU
		{1BA75C59-2C05-4D65-A5E2-185FA468B894}.Release|Any CPU.Build.0 = Release|Any CPU
	EndGlobalSection
	GlobalSection(SolutionProperties) = preSolution
		HideSolutionNode = FALSE
	EndGlobalSection
	GlobalSection(ExtensibilityGlobals) = postSolution
		SolutionGuid = {42268212-6864-4341-8D58-526BCA03959E}
	EndGlobalSection
EndGlobal
